
Microsoft Visual Studio Solution File, Format Version 12.00
# Visual Studio 15
VisualStudioVersion = 15.0.28307.572
MinimumVisualStudioVersion = 10.0.40219.1
Project("{FAE04EC0-301F-11D3-BF4B-00C04F79EFBC}") = "prueba1.Android", "prueba1\prueba1.Android\prueba1.Android.csproj", "{5FC01A7B-FFE4-424A-B4E0-0972A250A840}"
EndProject
Project("{FAE04EC0-301F-11D3-BF4B-00C04F79EFBC}") = "prueba1.iOS", "prueba1\prueba1.iOS\prueba1.iOS.csproj", "{F36092EE-3442-41EC-8882-DCE89DFC690D}"
EndProject
Project("{FAE04EC0-301F-11D3-BF4B-00C04F79EFBC}") = "prueba1.UWP", "prueba1\prueba1.UWP\prueba1.UWP.csproj", "{73435129-CB08-47F3-B235-C3FADF55FB8B}"
EndProject
Project("{FAE04EC0-301F-11D3-BF4B-00C04F79EFBC}") = "prueba1", "prueba1\prueba1\prueba1.csproj", "{D0C79444-B240-42F1-8B6F-6A03B6BB3B52}"
EndProject
Global
	GlobalSection(SolutionConfigurationPlatforms) = preSolution
		Ad-Hoc|Any CPU = Ad-Hoc|Any CPU
		Ad-Hoc|ARM = Ad-Hoc|ARM
		Ad-Hoc|iPhone = Ad-Hoc|iPhone
		Ad-Hoc|iPhoneSimulator = Ad-Hoc|iPhoneSimulator
		Ad-Hoc|x64 = Ad-Hoc|x64
		Ad-Hoc|x86 = Ad-Hoc|x86
		AppStore|Any CPU = AppStore|Any CPU
		AppStore|ARM = AppStore|ARM
		AppStore|iPhone = AppStore|iPhone
		AppStore|iPhoneSimulator = AppStore|iPhoneSimulator
		AppStore|x64 = AppStore|x64
		AppStore|x86 = AppStore|x86
		Debug|Any CPU = Debug|Any CPU
		Debug|ARM = Debug|ARM
		Debug|iPhone = Debug|iPhone
		Debug|iPhoneSimulator = Debug|iPhoneSimulator
		Debug|x64 = Debug|x64
		Debug|x86 = Debug|x86
		Release|Any CPU = Release|Any CPU
		Release|ARM = Release|ARM
		Release|iPhone = Release|iPhone
		Release|iPhoneSimulator = Release|iPhoneSimulator
		Release|x64 = Release|x64
		Release|x86 = Release|x86
	EndGlobalSection
	GlobalSection(ProjectConfigurationPlatforms) = postSolution
		{5FC01A7B-FFE4-424A-B4E0-0972A250A840}.Ad-Hoc|Any CPU.ActiveCfg = Release|Any CPU
		{5FC01A7B-FFE4-424A-B4E0-0972A250A840}.Ad-Hoc|Any CPU.Build.0 = Release|Any CPU
		{5FC01A7B-FFE4-424A-B4E0-0972A250A840}.Ad-Hoc|Any CPU.Deploy.0 = Release|Any CPU
		{5FC01A7B-FFE4-424A-B4E0-0972A250A840}.Ad-Hoc|ARM.ActiveCfg = Release|Any CPU
		{5FC01A7B-FFE4-424A-B4E0-0972A250A840}.Ad-Hoc|ARM.Build.0 = Release|Any CPU
		{5FC01A7B-FFE4-424A-B4E0-0972A250A840}.Ad-Hoc|ARM.Deploy.0 = Release|Any CPU
		{5FC01A7B-FFE4-424A-B4E0-0972A250A840}.Ad-Hoc|iPhone.ActiveCfg = Release|Any CPU
		{5FC01A7B-FFE4-424A-B4E0-0972A250A840}.Ad-Hoc|iPhone.Build.0 = Release|Any CPU
		{5FC01A7B-FFE4-424A-B4E0-0972A250A840}.Ad-Hoc|iPhone.Deploy.0 = Release|Any CPU
		{5FC01A7B-FFE4-424A-B4E0-0972A250A840}.Ad-Hoc|iPhoneSimulator.ActiveCfg = Release|Any CPU
		{5FC01A7B-FFE4-424A-B4E0-0972A250A840}.Ad-Hoc|iPhoneSimulator.Build.0 = Release|Any CPU
		{5FC01A7B-FFE4-424A-B4E0-0972A250A840}.Ad-Hoc|iPhoneSimulator.Deploy.0 = Release|Any CPU
		{5FC01A7B-FFE4-424A-B4E0-0972A250A840}.Ad-Hoc|x64.ActiveCfg = Release|Any CPU
		{5FC01A7B-FFE4-424A-B4E0-0972A250A840}.Ad-Hoc|x64.Build.0 = Release|Any CPU
		{5FC01A7B-FFE4-424A-B4E0-0972A250A840}.Ad-Hoc|x64.Deploy.0 = Release|Any CPU
		{5FC01A7B-FFE4-424A-B4E0-0972A250A840}.Ad-Hoc|x86.ActiveCfg = Release|Any CPU
		{5FC01A7B-FFE4-424A-B4E0-0972A250A840}.Ad-Hoc|x86.Build.0 = Release|Any CPU
		{5FC01A7B-FFE4-424A-B4E0-0972A250A840}.Ad-Hoc|x86.Deploy.0 = Release|Any CPU
		{5FC01A7B-FFE4-424A-B4E0-0972A250A840}.AppStore|Any CPU.ActiveCfg = Release|Any CPU
		{5FC01A7B-FFE4-424A-B4E0-0972A250A840}.AppStore|Any CPU.Build.0 = Release|Any CPU
		{5FC01A7B-FFE4-424A-B4E0-0972A250A840}.AppStore|Any CPU.Deploy.0 = Release|Any CPU
		{5FC01A7B-FFE4-424A-B4E0-0972A250A840}.AppStore|ARM.ActiveCfg = Release|Any CPU
		{5FC01A7B-FFE4-424A-B4E0-0972A250A840}.AppStore|ARM.Build.0 = Release|Any CPU
		{5FC01A7B-FFE4-424A-B4E0-0972A250A840}.AppStore|ARM.Deploy.0 = Release|Any CPU
		{5FC01A7B-FFE4-424A-B4E0-0972A250A840}.AppStore|iPhone.ActiveCfg = Release|Any CPU
		{5FC01A7B-FFE4-424A-B4E0-0972A250A840}.AppStore|iPhone.Build.0 = Release|Any CPU
		{5FC01A7B-FFE4-424A-B4E0-0972A250A840}.AppStore|iPhone.Deploy.0 = Release|Any CPU
		{5FC01A7B-FFE4-424A-B4E0-0972A250A840}.AppStore|iPhoneSimulator.ActiveCfg = Release|Any CPU
		{5FC01A7B-FFE4-424A-B4E0-0972A250A840}.AppStore|iPhoneSimulator.Build.0 = Release|Any CPU
		{5FC01A7B-FFE4-424A-B4E0-0972A250A840}.AppStore|iPhoneSimulator.Deploy.0 = Release|Any CPU
		{5FC01A7B-FFE4-424A-B4E0-0972A250A840}.AppStore|x64.ActiveCfg = Release|Any CPU
		{5FC01A7B-FFE4-424A-B4E0-0972A250A840}.AppStore|x64.Build.0 = Release|Any CPU
		{5FC01A7B-FFE4-424A-B4E0-0972A250A840}.AppStore|x64.Deploy.0 = Release|Any CPU
		{5FC01A7B-FFE4-424A-B4E0-0972A250A840}.AppStore|x86.ActiveCfg = Release|Any CPU
		{5FC01A7B-FFE4-424A-B4E0-0972A250A840}.AppStore|x86.Build.0 = Release|Any CPU
		{5FC01A7B-FFE4-424A-B4E0-0972A250A840}.AppStore|x86.Deploy.0 = Release|Any CPU
		{5FC01A7B-FFE4-424A-B4E0-0972A250A840}.Debug|Any CPU.ActiveCfg = Debug|Any CPU
		{5FC01A7B-FFE4-424A-B4E0-0972A250A840}.Debug|Any CPU.Build.0 = Debug|Any CPU
		{5FC01A7B-FFE4-424A-B4E0-0972A250A840}.Debug|Any CPU.Deploy.0 = Debug|Any CPU
		{5FC01A7B-FFE4-424A-B4E0-0972A250A840}.Debug|ARM.ActiveCfg = Debug|Any CPU
		{5FC01A7B-FFE4-424A-B4E0-0972A250A840}.Debug|ARM.Build.0 = Debug|Any CPU
		{5FC01A7B-FFE4-424A-B4E0-0972A250A840}.Debug|ARM.Deploy.0 = Debug|Any CPU
		{5FC01A7B-FFE4-424A-B4E0-0972A250A840}.Debug|iPhone.ActiveCfg = Debug|Any CPU
		{5FC01A7B-FFE4-424A-B4E0-0972A250A840}.Debug|iPhone.Build.0 = Debug|Any CPU
		{5FC01A7B-FFE4-424A-B4E0-0972A250A840}.Debug|iPhone.Deploy.0 = Debug|Any CPU
		{5FC01A7B-FFE4-424A-B4E0-0972A250A840}.Debug|iPhoneSimulator.ActiveCfg = Debug|Any CPU
		{5FC01A7B-FFE4-424A-B4E0-0972A250A840}.Debug|iPhoneSimulator.Build.0 = Debug|Any CPU
		{5FC01A7B-FFE4-424A-B4E0-0972A250A840}.Debug|iPhoneSimulator.Deploy.0 = Debug|Any CPU
		{5FC01A7B-FFE4-424A-B4E0-0972A250A840}.Debug|x64.ActiveCfg = Debug|Any CPU
		{5FC01A7B-FFE4-424A-B4E0-0972A250A840}.Debug|x64.Build.0 = Debug|Any CPU
		{5FC01A7B-FFE4-424A-B4E0-0972A250A840}.Debug|x64.Deploy.0 = Debug|Any CPU
		{5FC01A7B-FFE4-424A-B4E0-0972A250A840}.Debug|x86.ActiveCfg = Debug|Any CPU
		{5FC01A7B-FFE4-424A-B4E0-0972A250A840}.Debug|x86.Build.0 = Debug|Any CPU
		{5FC01A7B-FFE4-424A-B4E0-0972A250A840}.Debug|x86.Deploy.0 = Debug|Any CPU
		{5FC01A7B-FFE4-424A-B4E0-0972A250A840}.Release|Any CPU.ActiveCfg = Release|Any CPU
		{5FC01A7B-FFE4-424A-B4E0-0972A250A840}.Release|Any CPU.Build.0 = Release|Any CPU
		{5FC01A7B-FFE4-424A-B4E0-0972A250A840}.Release|Any CPU.Deploy.0 = Release|Any CPU
		{5FC01A7B-FFE4-424A-B4E0-0972A250A840}.Release|ARM.ActiveCfg = Release|Any CPU
		{5FC01A7B-FFE4-424A-B4E0-0972A250A840}.Release|ARM.Build.0 = Release|Any CPU
		{5FC01A7B-FFE4-424A-B4E0-0972A250A840}.Release|ARM.Deploy.0 = Release|Any CPU
		{5FC01A7B-FFE4-424A-B4E0-0972A250A840}.Release|iPhone.ActiveCfg = Release|Any CPU
		{5FC01A7B-FFE4-424A-B4E0-0972A250A840}.Release|iPhone.Build.0 = Release|Any CPU
		{5FC01A7B-FFE4-424A-B4E0-0972A250A840}.Release|iPhone.Deploy.0 = Release|Any CPU
		{5FC01A7B-FFE4-424A-B4E0-0972A250A840}.Release|iPhoneSimulator.ActiveCfg = Release|Any CPU
		{5FC01A7B-FFE4-424A-B4E0-0972A250A840}.Release|iPhoneSimulator.Build.0 = Release|Any CPU
		{5FC01A7B-FFE4-424A-B4E0-0972A250A840}.Release|iPhoneSimulator.Deploy.0 = Release|Any CPU
		{5FC01A7B-FFE4-424A-B4E0-0972A250A840}.Release|x64.ActiveCfg = Release|Any CPU
		{5FC01A7B-FFE4-424A-B4E0-0972A250A840}.Release|x64.Build.0 = Release|Any CPU
		{5FC01A7B-FFE4-424A-B4E0-0972A250A840}.Release|x64.Deploy.0 = Release|Any CPU
		{5FC01A7B-FFE4-424A-B4E0-0972A250A840}.Release|x86.ActiveCfg = Release|Any CPU
		{5FC01A7B-FFE4-424A-B4E0-0972A250A840}.Release|x86.Build.0 = Release|Any CPU
		{5FC01A7B-FFE4-424A-B4E0-0972A250A840}.Release|x86.Deploy.0 = Release|Any CPU
		{F36092EE-3442-41EC-8882-DCE89DFC690D}.Ad-Hoc|Any CPU.ActiveCfg = Ad-Hoc|iPhone
		{F36092EE-3442-41EC-8882-DCE89DFC690D}.Ad-Hoc|Any CPU.Build.0 = Ad-Hoc|iPhone
		{F36092EE-3442-41EC-8882-DCE89DFC690D}.Ad-Hoc|Any CPU.Deploy.0 = Ad-Hoc|iPhone
		{F36092EE-3442-41EC-8882-DCE89DFC690D}.Ad-Hoc|ARM.ActiveCfg = Ad-Hoc|iPhone
		{F36092EE-3442-41EC-8882-DCE89DFC690D}.Ad-Hoc|ARM.Build.0 = Ad-Hoc|iPhone
		{F36092EE-3442-41EC-8882-DCE89DFC690D}.Ad-Hoc|ARM.Deploy.0 = Ad-Hoc|iPhone
		{F36092EE-3442-41EC-8882-DCE89DFC690D}.Ad-Hoc|iPhone.ActiveCfg = Ad-Hoc|iPhone
		{F36092EE-3442-41EC-8882-DCE89DFC690D}.Ad-Hoc|iPhone.Build.0 = Ad-Hoc|iPhone
		{F36092EE-3442-41EC-8882-DCE89DFC690D}.Ad-Hoc|iPhone.Deploy.0 = Ad-Hoc|iPhone
		{F36092EE-3442-41EC-8882-DCE89DFC690D}.Ad-Hoc|iPhoneSimulator.ActiveCfg = Ad-Hoc|iPhoneSimulator
		{F36092EE-3442-41EC-8882-DCE89DFC690D}.Ad-Hoc|iPhoneSimulator.Build.0 = Ad-Hoc|iPhoneSimulator
		{F36092EE-3442-41EC-8882-DCE89DFC690D}.Ad-Hoc|iPhoneSimulator.Deploy.0 = Ad-Hoc|iPhoneSimulator
		{F36092EE-3442-41EC-8882-DCE89DFC690D}.Ad-Hoc|x64.ActiveCfg = Ad-Hoc|iPhone
		{F36092EE-3442-41EC-8882-DCE89DFC690D}.Ad-Hoc|x64.Build.0 = Ad-Hoc|iPhone
		{F36092EE-3442-41EC-8882-DCE89DFC690D}.Ad-Hoc|x64.Deploy.0 = Ad-Hoc|iPhone
		{F36092EE-3442-41EC-8882-DCE89DFC690D}.Ad-Hoc|x86.ActiveCfg = Ad-Hoc|iPhone
		{F36092EE-3442-41EC-8882-DCE89DFC690D}.Ad-Hoc|x86.Build.0 = Ad-Hoc|iPhone
		{F36092EE-3442-41EC-8882-DCE89DFC690D}.Ad-Hoc|x86.Deploy.0 = Ad-Hoc|iPhone
		{F36092EE-3442-41EC-8882-DCE89DFC690D}.AppStore|Any CPU.ActiveCfg = AppStore|iPhone
		{F36092EE-3442-41EC-8882-DCE89DFC690D}.AppStore|Any CPU.Build.0 = AppStore|iPhone
		{F36092EE-3442-41EC-8882-DCE89DFC690D}.AppStore|Any CPU.Deploy.0 = AppStore|iPhone
		{F36092EE-3442-41EC-8882-DCE89DFC690D}.AppStore|ARM.ActiveCfg = AppStore|iPhone
		{F36092EE-3442-41EC-8882-DCE89DFC690D}.AppStore|ARM.Build.0 = AppStore|iPhone
		{F36092EE-3442-41EC-8882-DCE89DFC690D}.AppStore|ARM.Deploy.0 = AppStore|iPhone
		{F36092EE-3442-41EC-8882-DCE89DFC690D}.AppStore|iPhone.ActiveCfg = AppStore|iPhone
		{F36092EE-3442-41EC-8882-DCE89DFC690D}.AppStore|iPhone.Build.0 = AppStore|iPhone
		{F36092EE-3442-41EC-8882-DCE89DFC690D}.AppStore|iPhone.Deploy.0 = AppStore|iPhone
		{F36092EE-3442-41EC-8882-DCE89DFC690D}.AppStore|iPhoneSimulator.ActiveCfg = AppStore|iPhoneSimulator
		{F36092EE-3442-41EC-8882-DCE89DFC690D}.AppStore|iPhoneSimulator.Build.0 = AppStore|iPhoneSimulator
		{F36092EE-3442-41EC-8882-DCE89DFC690D}.AppStore|iPhoneSimulator.Deploy.0 = AppStore|iPhoneSimulator
		{F36092EE-3442-41EC-8882-DCE89DFC690D}.AppStore|x64.ActiveCfg = AppStore|iPhone
		{F36092EE-3442-41EC-8882-DCE89DFC690D}.AppStore|x64.Build.0 = AppStore|iPhone
		{F36092EE-3442-41EC-8882-DCE89DFC690D}.AppStore|x64.Deploy.0 = AppStore|iPhone
		{F36092EE-3442-41EC-8882-DCE89DFC690D}.AppStore|x86.ActiveCfg = AppStore|iPhone
		{F36092EE-3442-41EC-8882-DCE89DFC690D}.AppStore|x86.Build.0 = AppStore|iPhone
		{F36092EE-3442-41EC-8882-DCE89DFC690D}.AppStore|x86.Deploy.0 = AppStore|iPhone
		{F36092EE-3442-41EC-8882-DCE89DFC690D}.Debug|Any CPU.ActiveCfg = Debug|iPhoneSimulator
		{F36092EE-3442-41EC-8882-DCE89DFC690D}.Debug|Any CPU.Build.0 = Debug|iPhoneSimulator
		{F36092EE-3442-41EC-8882-DCE89DFC690D}.Debug|Any CPU.Deploy.0 = Debug|iPhoneSimulator
		{F36092EE-3442-41EC-8882-DCE89DFC690D}.Debug|ARM.ActiveCfg = Debug|iPhone
		{F36092EE-3442-41EC-8882-DCE89DFC690D}.Debug|ARM.Build.0 = Debug|iPhone
		{F36092EE-3442-41EC-8882-DCE89DFC690D}.Debug|ARM.Deploy.0 = Debug|iPhone
		{F36092EE-3442-41EC-8882-DCE89DFC690D}.Debug|iPhone.ActiveCfg = Debug|iPhone
		{F36092EE-3442-41EC-8882-DCE89DFC690D}.Debug|iPhone.Build.0 = Debug|iPhone
		{F36092EE-3442-41EC-8882-DCE89DFC690D}.Debug|iPhone.Deploy.0 = Debug|iPhone
		{F36092EE-3442-41EC-8882-DCE89DFC690D}.Debug|iPhoneSimulator.ActiveCfg = Debug|iPhoneSimulator
		{F36092EE-3442-41EC-8882-DCE89DFC690D}.Debug|iPhoneSimulator.Build.0 = Debug|iPhoneSimulator
		{F36092EE-3442-41EC-8882-DCE89DFC690D}.Debug|iPhoneSimulator.Deploy.0 = Debug|iPhoneSimulator
		{F36092EE-3442-41EC-8882-DCE89DFC690D}.Debug|x64.ActiveCfg = Debug|iPhone
		{F36092EE-3442-41EC-8882-DCE89DFC690D}.Debug|x64.Build.0 = Debug|iPhone
		{F36092EE-3442-41EC-8882-DCE89DFC690D}.Debug|x64.Deploy.0 = Debug|iPhone
		{F36092EE-3442-41EC-8882-DCE89DFC690D}.Debug|x86.ActiveCfg = Debug|iPhone
		{F36092EE-3442-41EC-8882-DCE89DFC690D}.Debug|x86.Build.0 = Debug|iPhone
		{F36092EE-3442-41EC-8882-DCE89DFC690D}.Debug|x86.Deploy.0 = Debug|iPhone
		{F36092EE-3442-41EC-8882-DCE89DFC690D}.Release|Any CPU.ActiveCfg = Release|iPhone
		{F36092EE-3442-41EC-8882-DCE89DFC690D}.Release|Any CPU.Build.0 = Release|iPhone
		{F36092EE-3442-41EC-8882-DCE89DFC690D}.Release|Any CPU.Deploy.0 = Release|iPhone
		{F36092EE-3442-41EC-8882-DCE89DFC690D}.Release|ARM.ActiveCfg = Release|iPhone
		{F36092EE-3442-41EC-8882-DCE89DFC690D}.Release|ARM.Build.0 = Release|iPhone
		{F36092EE-3442-41EC-8882-DCE89DFC690D}.Release|ARM.Deploy.0 = Release|iPhone
		{F36092EE-3442-41EC-8882-DCE89DFC690D}.Release|iPhone.ActiveCfg = Release|iPhone
		{F36092EE-3442-41EC-8882-DCE89DFC690D}.Release|iPhone.Build.0 = Release|iPhone
		{F36092EE-3442-41EC-8882-DCE89DFC690D}.Release|iPhone.Deploy.0 = Release|iPhone
		{F36092EE-3442-41EC-8882-DCE89DFC690D}.Release|iPhoneSimulator.ActiveCfg = Release|iPhoneSimulator
		{F36092EE-3442-41EC-8882-DCE89DFC690D}.Release|iPhoneSimulator.Build.0 = Release|iPhoneSimulator
		{F36092EE-3442-41EC-8882-DCE89DFC690D}.Release|iPhoneSimulator.Deploy.0 = Release|iPhoneSimulator
		{F36092EE-3442-41EC-8882-DCE89DFC690D}.Release|x64.ActiveCfg = Release|iPhone
		{F36092EE-3442-41EC-8882-DCE89DFC690D}.Release|x64.Build.0 = Release|iPhone
		{F36092EE-3442-41EC-8882-DCE89DFC690D}.Release|x64.Deploy.0 = Release|iPhone
		{F36092EE-3442-41EC-8882-DCE89DFC690D}.Release|x86.ActiveCfg = Release|iPhone
		{F36092EE-3442-41EC-8882-DCE89DFC690D}.Release|x86.Build.0 = Release|iPhone
		{F36092EE-3442-41EC-8882-DCE89DFC690D}.Release|x86.Deploy.0 = Release|iPhone
		{73435129-CB08-47F3-B235-C3FADF55FB8B}.Ad-Hoc|Any CPU.ActiveCfg = Release|x86
		{73435129-CB08-47F3-B235-C3FADF55FB8B}.Ad-Hoc|Any CPU.Build.0 = Release|x86
		{73435129-CB08-47F3-B235-C3FADF55FB8B}.Ad-Hoc|Any CPU.Deploy.0 = Release|x86
		{73435129-CB08-47F3-B235-C3FADF55FB8B}.Ad-Hoc|ARM.ActiveCfg = Release|ARM
		{73435129-CB08-47F3-B235-C3FADF55FB8B}.Ad-Hoc|ARM.Build.0 = Release|ARM
		{73435129-CB08-47F3-B235-C3FADF55FB8B}.Ad-Hoc|ARM.Deploy.0 = Release|ARM
		{73435129-CB08-47F3-B235-C3FADF55FB8B}.Ad-Hoc|iPhone.ActiveCfg = Release|x86
		{73435129-CB08-47F3-B235-C3FADF55FB8B}.Ad-Hoc|iPhone.Build.0 = Release|x86
		{73435129-CB08-47F3-B235-C3FADF55FB8B}.Ad-Hoc|iPhone.Deploy.0 = Release|x86
		{73435129-CB08-47F3-B235-C3FADF55FB8B}.Ad-Hoc|iPhoneSimulator.ActiveCfg = Release|x86
		{73435129-CB08-47F3-B235-C3FADF55FB8B}.Ad-Hoc|iPhoneSimulator.Build.0 = Release|x86
		{73435129-CB08-47F3-B235-C3FADF55FB8B}.Ad-Hoc|iPhoneSimulator.Deploy.0 = Release|x86
		{73435129-CB08-47F3-B235-C3FADF55FB8B}.Ad-Hoc|x64.ActiveCfg = Release|x64
		{73435129-CB08-47F3-B235-C3FADF55FB8B}.Ad-Hoc|x64.Build.0 = Release|x64
		{73435129-CB08-47F3-B235-C3FADF55FB8B}.Ad-Hoc|x64.Deploy.0 = Release|x64
		{73435129-CB08-47F3-B235-C3FADF55FB8B}.Ad-Hoc|x86.ActiveCfg = Release|x86
		{73435129-CB08-47F3-B235-C3FADF55FB8B}.Ad-Hoc|x86.Build.0 = Release|x86
		{73435129-CB08-47F3-B235-C3FADF55FB8B}.Ad-Hoc|x86.Deploy.0 = Release|x86
		{73435129-CB08-47F3-B235-C3FADF55FB8B}.AppStore|Any CPU.ActiveCfg = Release|x86
		{73435129-CB08-47F3-B235-C3FADF55FB8B}.AppStore|Any CPU.Build.0 = Release|x86
		{73435129-CB08-47F3-B235-C3FADF55FB8B}.AppStore|Any CPU.Deploy.0 = Release|x86
		{73435129-CB08-47F3-B235-C3FADF55FB8B}.AppStore|ARM.ActiveCfg = Release|ARM
		{73435129-CB08-47F3-B235-C3FADF55FB8B}.AppStore|ARM.Build.0 = Release|ARM
		{73435129-CB08-47F3-B235-C3FADF55FB8B}.AppStore|ARM.Deploy.0 = Release|ARM
		{73435129-CB08-47F3-B235-C3FADF55FB8B}.AppStore|iPhone.ActiveCfg = Release|x86
		{73435129-CB08-47F3-B235-C3FADF55FB8B}.AppStore|iPhone.Build.0 = Release|x86
		{73435129-CB08-47F3-B235-C3FADF55FB8B}.AppStore|iPhone.Deploy.0 = Release|x86
		{73435129-CB08-47F3-B235-C3FADF55FB8B}.AppStore|iPhoneSimulator.ActiveCfg = Release|x86
		{73435129-CB08-47F3-B235-C3FADF55FB8B}.AppStore|iPhoneSimulator.Build.0 = Release|x86
		{73435129-CB08-47F3-B235-C3FADF55FB8B}.AppStore|iPhoneSimulator.Deploy.0 = Release|x86
		{73435129-CB08-47F3-B235-C3FADF55FB8B}.AppStore|x64.ActiveCfg = Release|x64
		{73435129-CB08-47F3-B235-C3FADF55FB8B}.AppStore|x64.Build.0 = Release|x64
		{73435129-CB08-47F3-B235-C3FADF55FB8B}.AppStore|x64.Deploy.0 = Release|x64
		{73435129-CB08-47F3-B235-C3FADF55FB8B}.AppStore|x86.ActiveCfg = Release|x86
		{73435129-CB08-47F3-B235-C3FADF55FB8B}.AppStore|x86.Build.0 = Release|x86
		{73435129-CB08-47F3-B235-C3FADF55FB8B}.AppStore|x86.Deploy.0 = Release|x86
		{73435129-CB08-47F3-B235-C3FADF55FB8B}.Debug|Any CPU.ActiveCfg = Debug|x86
		{73435129-CB08-47F3-B235-C3FADF55FB8B}.Debug|Any CPU.Build.0 = Debug|x86
		{73435129-CB08-47F3-B235-C3FADF55FB8B}.Debug|Any CPU.Deploy.0 = Debug|x86
		{73435129-CB08-47F3-B235-C3FADF55FB8B}.Debug|ARM.ActiveCfg = Debug|ARM
		{73435129-CB08-47F3-B235-C3FADF55FB8B}.Debug|ARM.Build.0 = Debug|ARM
		{73435129-CB08-47F3-B235-C3FADF55FB8B}.Debug|ARM.Deploy.0 = Debug|ARM
		{73435129-CB08-47F3-B235-C3FADF55FB8B}.Debug|iPhone.ActiveCfg = Debug|x86
		{73435129-CB08-47F3-B235-C3FADF55FB8B}.Debug|iPhone.Build.0 = Debug|x86
		{73435129-CB08-47F3-B235-C3FADF55FB8B}.Debug|iPhone.Deploy.0 = Debug|x86
		{73435129-CB08-47F3-B235-C3FADF55FB8B}.Debug|iPhoneSimulator.ActiveCfg = Debug|x86
		{73435129-CB08-47F3-B235-C3FADF55FB8B}.Debug|iPhoneSimulator.Build.0 = Debug|x86
		{73435129-CB08-47F3-B235-C3FADF55FB8B}.Debug|iPhoneSimulator.Deploy.0 = Debug|x86
		{73435129-CB08-47F3-B235-C3FADF55FB8B}.Debug|x64.ActiveCfg = Debug|x64
		{73435129-CB08-47F3-B235-C3FADF55FB8B}.Debug|x64.Build.0 = Debug|x64
		{73435129-CB08-47F3-B235-C3FADF55FB8B}.Debug|x64.Deploy.0 = Debug|x64
		{73435129-CB08-47F3-B235-C3FADF55FB8B}.Debug|x86.ActiveCfg = Debug|x86
		{73435129-CB08-47F3-B235-C3FADF55FB8B}.Debug|x86.Build.0 = Debug|x86
		{73435129-CB08-47F3-B235-C3FADF55FB8B}.Debug|x86.Deploy.0 = Debug|x86
		{73435129-CB08-47F3-B235-C3FADF55FB8B}.Release|Any CPU.ActiveCfg = Release|x86
		{73435129-CB08-47F3-B235-C3FADF55FB8B}.Release|Any CPU.Build.0 = Release|x86
		{73435129-CB08-47F3-B235-C3FADF55FB8B}.Release|Any CPU.Deploy.0 = Release|x86
		{73435129-CB08-47F3-B235-C3FADF55FB8B}.Release|ARM.ActiveCfg = Release|ARM
		{73435129-CB08-47F3-B235-C3FADF55FB8B}.Release|ARM.Build.0 = Release|ARM
		{73435129-CB08-47F3-B235-C3FADF55FB8B}.Release|ARM.Deploy.0 = Release|ARM
		{73435129-CB08-47F3-B235-C3FADF55FB8B}.Release|iPhone.ActiveCfg = Release|x86
		{73435129-CB08-47F3-B235-C3FADF55FB8B}.Release|iPhone.Build.0 = Release|x86
		{73435129-CB08-47F3-B235-C3FADF55FB8B}.Release|iPhone.Deploy.0 = Release|x86
		{73435129-CB08-47F3-B235-C3FADF55FB8B}.Release|iPhoneSimulator.ActiveCfg = Release|x86
		{73435129-CB08-47F3-B235-C3FADF55FB8B}.Release|iPhoneSimulator.Build.0 = Release|x86
		{73435129-CB08-47F3-B235-C3FADF55FB8B}.Release|iPhoneSimulator.Deploy.0 = Release|x86
		{73435129-CB08-47F3-B235-C3FADF55FB8B}.Release|x64.ActiveCfg = Release|x64
		{73435129-CB08-47F3-B235-C3FADF55FB8B}.Release|x64.Build.0 = Release|x64
		{73435129-CB08-47F3-B235-C3FADF55FB8B}.Release|x64.Deploy.0 = Release|x64
		{73435129-CB08-47F3-B235-C3FADF55FB8B}.Release|x86.ActiveCfg = Release|x86
		{73435129-CB08-47F3-B235-C3FADF55FB8B}.Release|x86.Build.0 = Release|x86
		{73435129-CB08-47F3-B235-C3FADF55FB8B}.Release|x86.Deploy.0 = Release|x86
		{D0C79444-B240-42F1-8B6F-6A03B6BB3B52}.Ad-Hoc|Any CPU.ActiveCfg = Debug|Any CPU
		{D0C79444-B240-42F1-8B6F-6A03B6BB3B52}.Ad-Hoc|Any CPU.Build.0 = Debug|Any CPU
		{D0C79444-B240-42F1-8B6F-6A03B6BB3B52}.Ad-Hoc|Any CPU.Deploy.0 = Debug|Any CPU
		{D0C79444-B240-42F1-8B6F-6A03B6BB3B52}.Ad-Hoc|ARM.ActiveCfg = Debug|Any CPU
		{D0C79444-B240-42F1-8B6F-6A03B6BB3B52}.Ad-Hoc|ARM.Build.0 = Debug|Any CPU
		{D0C79444-B240-42F1-8B6F-6A03B6BB3B52}.Ad-Hoc|ARM.Deploy.0 = Debug|Any CPU
		{D0C79444-B240-42F1-8B6F-6A03B6BB3B52}.Ad-Hoc|iPhone.ActiveCfg = Debug|Any CPU
		{D0C79444-B240-42F1-8B6F-6A03B6BB3B52}.Ad-Hoc|iPhone.Build.0 = Debug|Any CPU
		{D0C79444-B240-42F1-8B6F-6A03B6BB3B52}.Ad-Hoc|iPhone.Deploy.0 = Debug|Any CPU
		{D0C79444-B240-42F1-8B6F-6A03B6BB3B52}.Ad-Hoc|iPhoneSimulator.ActiveCfg = Debug|Any CPU
		{D0C79444-B240-42F1-8B6F-6A03B6BB3B52}.Ad-Hoc|iPhoneSimulator.Build.0 = Debug|Any CPU
		{D0C79444-B240-42F1-8B6F-6A03B6BB3B52}.Ad-Hoc|iPhoneSimulator.Deploy.0 = Debug|Any CPU
		{D0C79444-B240-42F1-8B6F-6A03B6BB3B52}.Ad-Hoc|x64.ActiveCfg = Debug|Any CPU
		{D0C79444-B240-42F1-8B6F-6A03B6BB3B52}.Ad-Hoc|x64.Build.0 = Debug|Any CPU
		{D0C79444-B240-42F1-8B6F-6A03B6BB3B52}.Ad-Hoc|x64.Deploy.0 = Debug|Any CPU
		{D0C79444-B240-42F1-8B6F-6A03B6BB3B52}.Ad-Hoc|x86.ActiveCfg = Debug|Any CPU
		{D0C79444-B240-42F1-8B6F-6A03B6BB3B52}.Ad-Hoc|x86.Build.0 = Debug|Any CPU
		{D0C79444-B240-42F1-8B6F-6A03B6BB3B52}.Ad-Hoc|x86.Deploy.0 = Debug|Any CPU
		{D0C79444-B240-42F1-8B6F-6A03B6BB3B52}.AppStore|Any CPU.ActiveCfg = Debug|Any CPU
		{D0C79444-B240-42F1-8B6F-6A03B6BB3B52}.AppStore|Any CPU.Build.0 = Debug|Any CPU
		{D0C79444-B240-42F1-8B6F-6A03B6BB3B52}.AppStore|Any CPU.Deploy.0 = Debug|Any CPU
		{D0C79444-B240-42F1-8B6F-6A03B6BB3B52}.AppStore|ARM.ActiveCfg = Debug|Any CPU
		{D0C79444-B240-42F1-8B6F-6A03B6BB3B52}.AppStore|ARM.Build.0 = Debug|Any CPU
		{D0C79444-B240-42F1-8B6F-6A03B6BB3B52}.AppStore|ARM.Deploy.0 = Debug|Any CPU
		{D0C79444-B240-42F1-8B6F-6A03B6BB3B52}.AppStore|iPhone.ActiveCfg = Debug|Any CPU
		{D0C79444-B240-42F1-8B6F-6A03B6BB3B52}.AppStore|iPhone.Build.0 = Debug|Any CPU
		{D0C79444-B240-42F1-8B6F-6A03B6BB3B52}.AppStore|iPhone.Deploy.0 = Debug|Any CPU
		{D0C79444-B240-42F1-8B6F-6A03B6BB3B52}.AppStore|iPhoneSimulator.ActiveCfg = Debug|Any CPU
		{D0C79444-B240-42F1-8B6F-6A03B6BB3B52}.AppStore|iPhoneSimulator.Build.0 = Debug|Any CPU
		{D0C79444-B240-42F1-8B6F-6A03B6BB3B52}.AppStore|iPhoneSimulator.Deploy.0 = Debug|Any CPU
		{D0C79444-B240-42F1-8B6F-6A03B6BB3B52}.AppStore|x64.ActiveCfg = Debug|Any CPU
		{D0C79444-B240-42F1-8B6F-6A03B6BB3B52}.AppStore|x64.Build.0 = Debug|Any CPU
		{D0C79444-B240-42F1-8B6F-6A03B6BB3B52}.AppStore|x64.Deploy.0 = Debug|Any CPU
		{D0C79444-B240-42F1-8B6F-6A03B6BB3B52}.AppStore|x86.ActiveCfg = Debug|Any CPU
		{D0C79444-B240-42F1-8B6F-6A03B6BB3B52}.AppStore|x86.Build.0 = Debug|Any CPU
		{D0C79444-B240-42F1-8B6F-6A03B6BB3B52}.AppStore|x86.Deploy.0 = Debug|Any CPU
		{D0C79444-B240-42F1-8B6F-6A03B6BB3B52}.Debug|Any CPU.ActiveCfg = Debug|Any CPU
		{D0C79444-B240-42F1-8B6F-6A03B6BB3B52}.Debug|Any CPU.Build.0 = Debug|Any CPU
		{D0C79444-B240-42F1-8B6F-6A03B6BB3B52}.Debug|Any CPU.Deploy.0 = Debug|Any CPU
		{D0C79444-B240-42F1-8B6F-6A03B6BB3B52}.Debug|ARM.ActiveCfg = Debug|Any CPU
		{D0C79444-B240-42F1-8B6F-6A03B6BB3B52}.Debug|ARM.Build.0 = Debug|Any CPU
		{D0C79444-B240-42F1-8B6F-6A03B6BB3B52}.Debug|ARM.Deploy.0 = Debug|Any CPU
		{D0C79444-B240-42F1-8B6F-6A03B6BB3B52}.Debug|iPhone.ActiveCfg = Debug|Any CPU
		{D0C79444-B240-42F1-8B6F-6A03B6BB3B52}.Debug|iPhone.Build.0 = Debug|Any CPU
		{D0C79444-B240-42F1-8B6F-6A03B6BB3B52}.Debug|iPhone.Deploy.0 = Debug|Any CPU
		{D0C79444-B240-42F1-8B6F-6A03B6BB3B52}.Debug|iPhoneSimulator.ActiveCfg = Debug|Any CPU
		{D0C79444-B240-42F1-8B6F-6A03B6BB3B52}.Debug|iPhoneSimulator.Build.0 = Debug|Any CPU
		{D0C79444-B240-42F1-8B6F-6A03B6BB3B52}.Debug|iPhoneSimulator.Deploy.0 = Debug|Any CPU
		{D0C79444-B240-42F1-8B6F-6A03B6BB3B52}.Debug|x64.ActiveCfg = Debug|Any CPU
		{D0C79444-B240-42F1-8B6F-6A03B6BB3B52}.Debug|x64.Build.0 = Debug|Any CPU
		{D0C79444-B240-42F1-8B6F-6A03B6BB3B52}.Debug|x64.Deploy.0 = Debug|Any CPU
		{D0C79444-B240-42F1-8B6F-6A03B6BB3B52}.Debug|x86.ActiveCfg = Debug|Any CPU
		{D0C79444-B240-42F1-8B6F-6A03B6BB3B52}.Debug|x86.Build.0 = Debug|Any CPU
		{D0C79444-B240-42F1-8B6F-6A03B6BB3B52}.Debug|x86.Deploy.0 = Debug|Any CPU
		{D0C79444-B240-42F1-8B6F-6A03B6BB3B52}.Release|Any CPU.ActiveCfg = Release|Any CPU
		{D0C79444-B240-42F1-8B6F-6A03B6BB3B52}.Release|Any CPU.Build.0 = Release|Any CPU
		{D0C79444-B240-42F1-8B6F-6A03B6BB3B52}.Release|Any CPU.Deploy.0 = Release|Any CPU
		{D0C79444-B240-42F1-8B6F-6A03B6BB3B52}.Release|ARM.ActiveCfg = Release|Any CPU
		{D0C79444-B240-42F1-8B6F-6A03B6BB3B52}.Release|ARM.Build.0 = Release|Any CPU
		{D0C79444-B240-42F1-8B6F-6A03B6BB3B52}.Release|ARM.Deploy.0 = Release|Any CPU
		{D0C79444-B240-42F1-8B6F-6A03B6BB3B52}.Release|iPhone.ActiveCfg = Release|Any CPU
		{D0C79444-B240-42F1-8B6F-6A03B6BB3B52}.Release|iPhone.Build.0 = Release|Any CPU
		{D0C79444-B240-42F1-8B6F-6A03B6BB3B52}.Release|iPhone.Deploy.0 = Release|Any CPU
		{D0C79444-B240-42F1-8B6F-6A03B6BB3B52}.Release|iPhoneSimulator.ActiveCfg = Release|Any CPU
		{D0C79444-B240-42F1-8B6F-6A03B6BB3B52}.Release|iPhoneSimulator.Build.0 = Release|Any CPU
		{D0C79444-B240-42F1-8B6F-6A03B6BB3B52}.Release|iPhoneSimulator.Deploy.0 = Release|Any CPU
		{D0C79444-B240-42F1-8B6F-6A03B6BB3B52}.Release|x64.ActiveCfg = Release|Any CPU
		{D0C79444-B240-42F1-8B6F-6A03B6BB3B52}.Release|x64.Build.0 = Release|Any CPU
		{D0C79444-B240-42F1-8B6F-6A03B6BB3B52}.Release|x64.Deploy.0 = Release|Any CPU
		{D0C79444-B240-42F1-8B6F-6A03B6BB3B52}.Release|x86.ActiveCfg = Release|Any CPU
		{D0C79444-B240-42F1-8B6F-6A03B6BB3B52}.Release|x86.Build.0 = Release|Any CPU
		{D0C79444-B240-42F1-8B6F-6A03B6BB3B52}.Release|x86.Deploy.0 = Release|Any CPU
	EndGlobalSection
	GlobalSection(SolutionProperties) = preSolution
		HideSolutionNode = FALSE
	EndGlobalSection
	GlobalSection(ExtensibilityGlobals) = postSolution
		SolutionGuid = {DA38AAEB-87BF-4F81-8A98-EE4440923E29}
	EndGlobalSection
EndGlobal
